// !$*UTF8*$!
{
	archiveVersion = 1;
	classes = {
	};
	objectVersion = 46;
	objects = {

/* Begin PBXBuildFile section */
		AA53F37117FBBDA80055CC7A /* Foundation.framework in Frameworks */ = {isa = PBXBuildFile; fileRef = AA53F37017FBBDA80055CC7A /* Foundation.framework */; };
		AA53F37317FBBDA80055CC7A /* CoreGraphics.framework in Frameworks */ = {isa = PBXBuildFile; fileRef = AA53F37217FBBDA80055CC7A /* CoreGraphics.framework */; };
		AA53F37517FBBDA80055CC7A /* UIKit.framework in Frameworks */ = {isa = PBXBuildFile; fileRef = AA53F37417FBBDA80055CC7A /* UIKit.framework */; };
		AA53F37717FBBDA80055CC7A /* CoreData.framework in Frameworks */ = {isa = PBXBuildFile; fileRef = AA53F37617FBBDA80055CC7A /* CoreData.framework */; };
		AA53F37D17FBBDA80055CC7A /* InfoPlist.strings in Resources */ = {isa = PBXBuildFile; fileRef = AA53F37B17FBBDA80055CC7A /* InfoPlist.strings */; };
		AA53F37F17FBBDA80055CC7A /* main.m in Sources */ = {isa = PBXBuildFile; fileRef = AA53F37E17FBBDA80055CC7A /* main.m */; };
		AA53F38317FBBDA80055CC7A /* countdownAppDelegate.m in Sources */ = {isa = PBXBuildFile; fileRef = AA53F38217FBBDA80055CC7A /* countdownAppDelegate.m */; };
		AA53F38617FBBDA80055CC7A /* CountdownApp_NonFB.xcdatamodeld in Sources */ = {isa = PBXBuildFile; fileRef = AA53F38417FBBDA80055CC7A /* CountdownApp_NonFB.xcdatamodeld */; };
		AA53F38817FBBDA80055CC7A /* Images.xcassets in Resources */ = {isa = PBXBuildFile; fileRef = AA53F38717FBBDA80055CC7A /* Images.xcassets */; };
		AA53F38F17FBBDA80055CC7A /* XCTest.framework in Frameworks */ = {isa = PBXBuildFile; fileRef = AA53F38E17FBBDA80055CC7A /* XCTest.framework */; };
		AA53F39017FBBDA80055CC7A /* Foundation.framework in Frameworks */ = {isa = PBXBuildFile; fileRef = AA53F37017FBBDA80055CC7A /* Foundation.framework */; };
		AA53F39117FBBDA80055CC7A /* UIKit.framework in Frameworks */ = {isa = PBXBuildFile; fileRef = AA53F37417FBBDA80055CC7A /* UIKit.framework */; };
		AA53F39217FBBDA80055CC7A /* CoreData.framework in Frameworks */ = {isa = PBXBuildFile; fileRef = AA53F37617FBBDA80055CC7A /* CoreData.framework */; };
		AA53F39A17FBBDA80055CC7A /* InfoPlist.strings in Resources */ = {isa = PBXBuildFile; fileRef = AA53F39817FBBDA80055CC7A /* InfoPlist.strings */; };
		AA53F39C17FBBDA80055CC7A /* CountdownApp_NonFBTests.m in Sources */ = {isa = PBXBuildFile; fileRef = AA53F39B17FBBDA80055CC7A /* CountdownApp_NonFBTests.m */; };
		AA53F3A617FBBDED0055CC7A /* countdownApp.storyboard in Resources */ = {isa = PBXBuildFile; fileRef = AA53F3A517FBBDED0055CC7A /* countdownApp.storyboard */; };
		AA53F3A917FBBE990055CC7A /* countdownViewController.m in Sources */ = {isa = PBXBuildFile; fileRef = AA53F3A817FBBE990055CC7A /* countdownViewController.m */; };
		AA53F3AC17FBC1CA0055CC7A /* countdownTableViewController.m in Sources */ = {isa = PBXBuildFile; fileRef = AA53F3AB17FBC1CA0055CC7A /* countdownTableViewController.m */; };
		AA53F3B617FBC9DB0055CC7A /* MZFormSheetBackgroundWindow.m in Sources */ = {isa = PBXBuildFile; fileRef = AA53F3AF17FBC9DB0055CC7A /* MZFormSheetBackgroundWindow.m */; };
		AA53F3B717FBC9DB0055CC7A /* MZFormSheetController.m in Sources */ = {isa = PBXBuildFile; fileRef = AA53F3B117FBC9DB0055CC7A /* MZFormSheetController.m */; };
		AA53F3B817FBC9DB0055CC7A /* MZFormSheetSegue.m in Sources */ = {isa = PBXBuildFile; fileRef = AA53F3B317FBC9DB0055CC7A /* MZFormSheetSegue.m */; };
		AA53F3B917FBC9DB0055CC7A /* UIImage+Additional.m in Sources */ = {isa = PBXBuildFile; fileRef = AA53F3B517FBC9DB0055CC7A /* UIImage+Additional.m */; };
		AA53F3BC17FBCA090055CC7A /* addEventViewController.m in Sources */ = {isa = PBXBuildFile; fileRef = AA53F3BB17FBCA090055CC7A /* addEventViewController.m */; };
		AA53F3C117FBCB690055CC7A /* MZAppearance.m in Sources */ = {isa = PBXBuildFile; fileRef = AA53F3BE17FBCB690055CC7A /* MZAppearance.m */; };
		AA53F3C217FBCB690055CC7A /* NSInvocation+Copy.m in Sources */ = {isa = PBXBuildFile; fileRef = AA53F3C017FBCB690055CC7A /* NSInvocation+Copy.m */; };
		AA53F3C917FBCD910055CC7A /* divider.png in Resources */ = {isa = PBXBuildFile; fileRef = AA53F3C517FBCD910055CC7A /* divider.png */; };
		AA53F3CA17FBCD910055CC7A /* divider@2x.png in Resources */ = {isa = PBXBuildFile; fileRef = AA53F3C617FBCD910055CC7A /* divider@2x.png */; };
		AA53F3CB17FBCD910055CC7A /* modalbackground.png in Resources */ = {isa = PBXBuildFile; fileRef = AA53F3C717FBCD910055CC7A /* modalbackground.png */; };
		AA53F3CC17FBCD910055CC7A /* modalbackground@2x.png in Resources */ = {isa = PBXBuildFile; fileRef = AA53F3C817FBCD910055CC7A /* modalbackground@2x.png */; };
/* End PBXBuildFile section */

/* Begin PBXContainerItemProxy section */
		AA53F39317FBBDA80055CC7A /* PBXContainerItemProxy */ = {
			isa = PBXContainerItemProxy;
			containerPortal = AA53F36517FBBDA80055CC7A /* Project object */;
			proxyType = 1;
			remoteGlobalIDString = AA53F36C17FBBDA80055CC7A;
			remoteInfo = "CountdownApp-NonFB";
		};
/* End PBXContainerItemProxy section */

/* Begin PBXFileReference section */
		AA53F36D17FBBDA80055CC7A /* CountdownApp-NonFB.app */ = {isa = PBXFileReference; explicitFileType = wrapper.application; includeInIndex = 0; path = "CountdownApp-NonFB.app"; sourceTree = BUILT_PRODUCTS_DIR; };
		AA53F37017FBBDA80055CC7A /* Foundation.framework */ = {isa = PBXFileReference; lastKnownFileType = wrapper.framework; name = Foundation.framework; path = System/Library/Frameworks/Foundation.framework; sourceTree = SDKROOT; };
		AA53F37217FBBDA80055CC7A /* CoreGraphics.framework */ = {isa = PBXFileReference; lastKnownFileType = wrapper.framework; name = CoreGraphics.framework; path = System/Library/Frameworks/CoreGraphics.framework; sourceTree = SDKROOT; };
		AA53F37417FBBDA80055CC7A /* UIKit.framework */ = {isa = PBXFileReference; lastKnownFileType = wrapper.framework; name = UIKit.framework; path = System/Library/Frameworks/UIKit.framework; sourceTree = SDKROOT; };
		AA53F37617FBBDA80055CC7A /* CoreData.framework */ = {isa = PBXFileReference; lastKnownFileType = wrapper.framework; name = CoreData.framework; path = System/Library/Frameworks/CoreData.framework; sourceTree = SDKROOT; };
		AA53F37A17FBBDA80055CC7A /* CountdownApp-NonFB-Info.plist */ = {isa = PBXFileReference; lastKnownFileType = text.plist.xml; path = "CountdownApp-NonFB-Info.plist"; sourceTree = "<group>"; };
		AA53F37C17FBBDA80055CC7A /* en */ = {isa = PBXFileReference; lastKnownFileType = text.plist.strings; name = en; path = en.lproj/InfoPlist.strings; sourceTree = "<group>"; };
		AA53F37E17FBBDA80055CC7A /* main.m */ = {isa = PBXFileReference; lastKnownFileType = sourcecode.c.objc; path = main.m; sourceTree = "<group>"; };
		AA53F38017FBBDA80055CC7A /* CountdownApp-NonFB-Prefix.pch */ = {isa = PBXFileReference; lastKnownFileType = sourcecode.c.h; path = "CountdownApp-NonFB-Prefix.pch"; sourceTree = "<group>"; };
		AA53F38117FBBDA80055CC7A /* countdownAppDelegate.h */ = {isa = PBXFileReference; lastKnownFileType = sourcecode.c.h; path = countdownAppDelegate.h; sourceTree = "<group>"; };
		AA53F38217FBBDA80055CC7A /* countdownAppDelegate.m */ = {isa = PBXFileReference; lastKnownFileType = sourcecode.c.objc; path = countdownAppDelegate.m; sourceTree = "<group>"; };
		AA53F38517FBBDA80055CC7A /* CountdownApp_NonFB.xcdatamodel */ = {isa = PBXFileReference; lastKnownFileType = wrapper.xcdatamodel; path = CountdownApp_NonFB.xcdatamodel; sourceTree = "<group>"; };
		AA53F38717FBBDA80055CC7A /* Images.xcassets */ = {isa = PBXFileReference; lastKnownFileType = folder.assetcatalog; path = Images.xcassets; sourceTree = "<group>"; };
		AA53F38D17FBBDA80055CC7A /* CountdownApp-NonFBTests.xctest */ = {isa = PBXFileReference; explicitFileType = wrapper.cfbundle; includeInIndex = 0; path = "CountdownApp-NonFBTests.xctest"; sourceTree = BUILT_PRODUCTS_DIR; };
		AA53F38E17FBBDA80055CC7A /* XCTest.framework */ = {isa = PBXFileReference; lastKnownFileType = wrapper.framework; name = XCTest.framework; path = Library/Frameworks/XCTest.framework; sourceTree = DEVELOPER_DIR; };
		AA53F39717FBBDA80055CC7A /* CountdownApp-NonFBTests-Info.plist */ = {isa = PBXFileReference; lastKnownFileType = text.plist.xml; path = "CountdownApp-NonFBTests-Info.plist"; sourceTree = "<group>"; };
		AA53F39917FBBDA80055CC7A /* en */ = {isa = PBXFileReference; lastKnownFileType = text.plist.strings; name = en; path = en.lproj/InfoPlist.strings; sourceTree = "<group>"; };
		AA53F39B17FBBDA80055CC7A /* CountdownApp_NonFBTests.m */ = {isa = PBXFileReference; lastKnownFileType = sourcecode.c.objc; path = CountdownApp_NonFBTests.m; sourceTree = "<group>"; };
		AA53F3A517FBBDED0055CC7A /* countdownApp.storyboard */ = {isa = PBXFileReference; fileEncoding = 4; lastKnownFileType = file.storyboard; path = countdownApp.storyboard; sourceTree = "<group>"; };
		AA53F3A717FBBE990055CC7A /* countdownViewController.h */ = {isa = PBXFileReference; fileEncoding = 4; lastKnownFileType = sourcecode.c.h; path = countdownViewController.h; sourceTree = "<group>"; };
		AA53F3A817FBBE990055CC7A /* countdownViewController.m */ = {isa = PBXFileReference; fileEncoding = 4; lastKnownFileType = sourcecode.c.objc; path = countdownViewController.m; sourceTree = "<group>"; };
		AA53F3AA17FBC1CA0055CC7A /* countdownTableViewController.h */ = {isa = PBXFileReference; fileEncoding = 4; lastKnownFileType = sourcecode.c.h; path = countdownTableViewController.h; sourceTree = "<group>"; };
		AA53F3AB17FBC1CA0055CC7A /* countdownTableViewController.m */ = {isa = PBXFileReference; fileEncoding = 4; lastKnownFileType = sourcecode.c.objc; path = countdownTableViewController.m; sourceTree = "<group>"; };
		AA53F3AE17FBC9DB0055CC7A /* MZFormSheetBackgroundWindow.h */ = {isa = PBXFileReference; fileEncoding = 4; lastKnownFileType = sourcecode.c.h; path = MZFormSheetBackgroundWindow.h; sourceTree = "<group>"; };
		AA53F3AF17FBC9DB0055CC7A /* MZFormSheetBackgroundWindow.m */ = {isa = PBXFileReference; fileEncoding = 4; lastKnownFileType = sourcecode.c.objc; path = MZFormSheetBackgroundWindow.m; sourceTree = "<group>"; };
		AA53F3B017FBC9DB0055CC7A /* MZFormSheetController.h */ = {isa = PBXFileReference; fileEncoding = 4; lastKnownFileType = sourcecode.c.h; path = MZFormSheetController.h; sourceTree = "<group>"; };
		AA53F3B117FBC9DB0055CC7A /* MZFormSheetController.m */ = {isa = PBXFileReference; fileEncoding = 4; lastKnownFileType = sourcecode.c.objc; path = MZFormSheetController.m; sourceTree = "<group>"; };
		AA53F3B217FBC9DB0055CC7A /* MZFormSheetSegue.h */ = {isa = PBXFileReference; fileEncoding = 4; lastKnownFileType = sourcecode.c.h; path = MZFormSheetSegue.h; sourceTree = "<group>"; };
		AA53F3B317FBC9DB0055CC7A /* MZFormSheetSegue.m */ = {isa = PBXFileReference; fileEncoding = 4; lastKnownFileType = sourcecode.c.objc; path = MZFormSheetSegue.m; sourceTree = "<group>"; };
		AA53F3B417FBC9DB0055CC7A /* UIImage+Additional.h */ = {isa = PBXFileReference; fileEncoding = 4; lastKnownFileType = sourcecode.c.h; path = "UIImage+Additional.h"; sourceTree = "<group>"; };
		AA53F3B517FBC9DB0055CC7A /* UIImage+Additional.m */ = {isa = PBXFileReference; fileEncoding = 4; lastKnownFileType = sourcecode.c.objc; path = "UIImage+Additional.m"; sourceTree = "<group>"; };
		AA53F3BA17FBCA090055CC7A /* addEventViewController.h */ = {isa = PBXFileReference; fileEncoding = 4; lastKnownFileType = sourcecode.c.h; path = addEventViewController.h; sourceTree = "<group>"; };
		AA53F3BB17FBCA090055CC7A /* addEventViewController.m */ = {isa = PBXFileReference; fileEncoding = 4; lastKnownFileType = sourcecode.c.objc; path = addEventViewController.m; sourceTree = "<group>"; };
		AA53F3BD17FBCB690055CC7A /* MZAppearance.h */ = {isa = PBXFileReference; fileEncoding = 4; lastKnownFileType = sourcecode.c.h; path = MZAppearance.h; sourceTree = "<group>"; };
		AA53F3BE17FBCB690055CC7A /* MZAppearance.m */ = {isa = PBXFileReference; fileEncoding = 4; lastKnownFileType = sourcecode.c.objc; path = MZAppearance.m; sourceTree = "<group>"; };
		AA53F3BF17FBCB690055CC7A /* NSInvocation+Copy.h */ = {isa = PBXFileReference; fileEncoding = 4; lastKnownFileType = sourcecode.c.h; path = "NSInvocation+Copy.h"; sourceTree = "<group>"; };
		AA53F3C017FBCB690055CC7A /* NSInvocation+Copy.m */ = {isa = PBXFileReference; fileEncoding = 4; lastKnownFileType = sourcecode.c.objc; path = "NSInvocation+Copy.m"; sourceTree = "<group>"; };
		AA53F3C317FBCBA20055CC7A /* countdownModal.h */ = {isa = PBXFileReference; lastKnownFileType = sourcecode.c.h; path = countdownModal.h; sourceTree = "<group>"; };
		AA53F3C517FBCD910055CC7A /* divider.png */ = {isa = PBXFileReference; lastKnownFileType = image.png; path = divider.png; sourceTree = "<group>"; };
		AA53F3C617FBCD910055CC7A /* divider@2x.png */ = {isa = PBXFileReference; lastKnownFileType = image.png; path = "divider@2x.png"; sourceTree = "<group>"; };
		AA53F3C717FBCD910055CC7A /* modalbackground.png */ = {isa = PBXFileReference; lastKnownFileType = image.png; path = modalbackground.png; sourceTree = "<group>"; };
		AA53F3C817FBCD910055CC7A /* modalbackground@2x.png */ = {isa = PBXFileReference; lastKnownFileType = image.png; path = "modalbackground@2x.png"; sourceTree = "<group>"; };
/* End PBXFileReference section */

/* Begin PBXFrameworksBuildPhase section */
		AA53F36A17FBBDA80055CC7A /* Frameworks */ = {
			isa = PBXFrameworksBuildPhase;
			buildActionMask = 2147483647;
			files = (
				AA53F37317FBBDA80055CC7A /* CoreGraphics.framework in Frameworks */,
				AA53F37717FBBDA80055CC7A /* CoreData.framework in Frameworks */,
				AA53F37517FBBDA80055CC7A /* UIKit.framework in Frameworks */,
				AA53F37117FBBDA80055CC7A /* Foundation.framework in Frameworks */,
			);
			runOnlyForDeploymentPostprocessing = 0;
		};
		AA53F38A17FBBDA80055CC7A /* Frameworks */ = {
			isa = PBXFrameworksBuildPhase;
			buildActionMask = 2147483647;
			files = (
				AA53F38F17FBBDA80055CC7A /* XCTest.framework in Frameworks */,
				AA53F39217FBBDA80055CC7A /* CoreData.framework in Frameworks */,
				AA53F39117FBBDA80055CC7A /* UIKit.framework in Frameworks */,
				AA53F39017FBBDA80055CC7A /* Foundation.framework in Frameworks */,
			);
			runOnlyForDeploymentPostprocessing = 0;
		};
/* End PBXFrameworksBuildPhase section */

/* Begin PBXGroup section */
		AA53F36417FBBDA80055CC7A = {
			isa = PBXGroup;
			children = (
				AA53F37817FBBDA80055CC7A /* CountdownApp-NonFB */,
				AA53F39517FBBDA80055CC7A /* CountdownApp-NonFBTests */,
				AA53F36F17FBBDA80055CC7A /* Frameworks */,
				AA53F36E17FBBDA80055CC7A /* Products */,
			);
			sourceTree = "<group>";
		};
		AA53F36E17FBBDA80055CC7A /* Products */ = {
			isa = PBXGroup;
			children = (
				AA53F36D17FBBDA80055CC7A /* CountdownApp-NonFB.app */,
				AA53F38D17FBBDA80055CC7A /* CountdownApp-NonFBTests.xctest */,
			);
			name = Products;
			sourceTree = "<group>";
		};
		AA53F36F17FBBDA80055CC7A /* Frameworks */ = {
			isa = PBXGroup;
			children = (
				AA53F37017FBBDA80055CC7A /* Foundation.framework */,
				AA53F37217FBBDA80055CC7A /* CoreGraphics.framework */,
				AA53F37417FBBDA80055CC7A /* UIKit.framework */,
				AA53F37617FBBDA80055CC7A /* CoreData.framework */,
				AA53F38E17FBBDA80055CC7A /* XCTest.framework */,
			);
			name = Frameworks;
			sourceTree = "<group>";
		};
		AA53F37817FBBDA80055CC7A /* CountdownApp-NonFB */ = {
			isa = PBXGroup;
			children = (
				AA53F3C417FBCD780055CC7A /* Images */,
				AA53F3AD17FBC9DB0055CC7A /* MZFormSheetController */,
				AA53F38117FBBDA80055CC7A /* countdownAppDelegate.h */,
				AA53F38217FBBDA80055CC7A /* countdownAppDelegate.m */,
				AA53F38717FBBDA80055CC7A /* Images.xcassets */,
				AA53F3A517FBBDED0055CC7A /* countdownApp.storyboard */,
				AA53F38417FBBDA80055CC7A /* CountdownApp_NonFB.xcdatamodeld */,
				AA53F37917FBBDA80055CC7A /* Supporting Files */,
				AA53F3A717FBBE990055CC7A /* countdownViewController.h */,
				AA53F3A817FBBE990055CC7A /* countdownViewController.m */,
				AA53F3AA17FBC1CA0055CC7A /* countdownTableViewController.h */,
				AA53F3AB17FBC1CA0055CC7A /* countdownTableViewController.m */,
				AA53F3BA17FBCA090055CC7A /* addEventViewController.h */,
				AA53F3BB17FBCA090055CC7A /* addEventViewController.m */,
				AA53F3C317FBCBA20055CC7A /* countdownModal.h */,
			);
			path = "CountdownApp-NonFB";
			sourceTree = "<group>";
		};
		AA53F37917FBBDA80055CC7A /* Supporting Files */ = {
			isa = PBXGroup;
			children = (
				AA53F37A17FBBDA80055CC7A /* CountdownApp-NonFB-Info.plist */,
				AA53F37B17FBBDA80055CC7A /* InfoPlist.strings */,
				AA53F37E17FBBDA80055CC7A /* main.m */,
				AA53F38017FBBDA80055CC7A /* CountdownApp-NonFB-Prefix.pch */,
			);
			name = "Supporting Files";
			sourceTree = "<group>";
		};
		AA53F39517FBBDA80055CC7A /* CountdownApp-NonFBTests */ = {
			isa = PBXGroup;
			children = (
				AA53F39B17FBBDA80055CC7A /* CountdownApp_NonFBTests.m */,
				AA53F39617FBBDA80055CC7A /* Supporting Files */,
			);
			path = "CountdownApp-NonFBTests";
			sourceTree = "<group>";
		};
		AA53F39617FBBDA80055CC7A /* Supporting Files */ = {
			isa = PBXGroup;
			children = (
				AA53F39717FBBDA80055CC7A /* CountdownApp-NonFBTests-Info.plist */,
				AA53F39817FBBDA80055CC7A /* InfoPlist.strings */,
			);
			name = "Supporting Files";
			sourceTree = "<group>";
		};
		AA53F3AD17FBC9DB0055CC7A /* MZFormSheetController */ = {
			isa = PBXGroup;
			children = (
				AA53F3BD17FBCB690055CC7A /* MZAppearance.h */,
				AA53F3BE17FBCB690055CC7A /* MZAppearance.m */,
				AA53F3BF17FBCB690055CC7A /* NSInvocation+Copy.h */,
				AA53F3C017FBCB690055CC7A /* NSInvocation+Copy.m */,
				AA53F3AE17FBC9DB0055CC7A /* MZFormSheetBackgroundWindow.h */,
				AA53F3AF17FBC9DB0055CC7A /* MZFormSheetBackgroundWindow.m */,
				AA53F3B017FBC9DB0055CC7A /* MZFormSheetController.h */,
				AA53F3B117FBC9DB0055CC7A /* MZFormSheetController.m */,
				AA53F3B217FBC9DB0055CC7A /* MZFormSheetSegue.h */,
				AA53F3B317FBC9DB0055CC7A /* MZFormSheetSegue.m */,
				AA53F3B417FBC9DB0055CC7A /* UIImage+Additional.h */,
				AA53F3B517FBC9DB0055CC7A /* UIImage+Additional.m */,
			);
			path = MZFormSheetController;
			sourceTree = "<group>";
		};
		AA53F3C417FBCD780055CC7A /* Images */ = {
			isa = PBXGroup;
			children = (
				AA53F3C517FBCD910055CC7A /* divider.png */,
				AA53F3C617FBCD910055CC7A /* divider@2x.png */,
				AA53F3C717FBCD910055CC7A /* modalbackground.png */,
				AA53F3C817FBCD910055CC7A /* modalbackground@2x.png */,
			);
			name = Images;
			sourceTree = "<group>";
		};
/* End PBXGroup section */

/* Begin PBXNativeTarget section */
		AA53F36C17FBBDA80055CC7A /* CountdownApp-NonFB */ = {
			isa = PBXNativeTarget;
			buildConfigurationList = AA53F39F17FBBDA80055CC7A /* Build configuration list for PBXNativeTarget "CountdownApp-NonFB" */;
			buildPhases = (
				AA53F36917FBBDA80055CC7A /* Sources */,
				AA53F36A17FBBDA80055CC7A /* Frameworks */,
				AA53F36B17FBBDA80055CC7A /* Resources */,
			);
			buildRules = (
			);
			dependencies = (
			);
			name = "CountdownApp-NonFB";
			productName = "CountdownApp-NonFB";
			productReference = AA53F36D17FBBDA80055CC7A /* CountdownApp-NonFB.app */;
			productType = "com.apple.product-type.application";
		};
		AA53F38C17FBBDA80055CC7A /* CountdownApp-NonFBTests */ = {
			isa = PBXNativeTarget;
			buildConfigurationList = AA53F3A217FBBDA80055CC7A /* Build configuration list for PBXNativeTarget "CountdownApp-NonFBTests" */;
			buildPhases = (
				AA53F38917FBBDA80055CC7A /* Sources */,
				AA53F38A17FBBDA80055CC7A /* Frameworks */,
				AA53F38B17FBBDA80055CC7A /* Resources */,
			);
			buildRules = (
			);
			dependencies = (
				AA53F39417FBBDA80055CC7A /* PBXTargetDependency */,
			);
			name = "CountdownApp-NonFBTests";
			productName = "CountdownApp-NonFBTests";
			productReference = AA53F38D17FBBDA80055CC7A /* CountdownApp-NonFBTests.xctest */;
			productType = "com.apple.product-type.bundle.unit-test";
		};
/* End PBXNativeTarget section */

/* Begin PBXProject section */
		AA53F36517FBBDA80055CC7A /* Project object */ = {
			isa = PBXProject;
			attributes = {
				CLASSPREFIX = countdown;
				LastUpgradeCheck = 0500;
				ORGANIZATIONNAME = "Steve Ottenad";
				TargetAttributes = {
					AA53F38C17FBBDA80055CC7A = {
						TestTargetID = AA53F36C17FBBDA80055CC7A;
					};
				};
			};
			buildConfigurationList = AA53F36817FBBDA80055CC7A /* Build configuration list for PBXProject "CountdownApp-NonFB" */;
			compatibilityVersion = "Xcode 3.2";
			developmentRegion = English;
			hasScannedForEncodings = 0;
			knownRegions = (
				en,
			);
			mainGroup = AA53F36417FBBDA80055CC7A;
			productRefGroup = AA53F36E17FBBDA80055CC7A /* Products */;
			projectDirPath = "";
			projectRoot = "";
			targets = (
				AA53F36C17FBBDA80055CC7A /* CountdownApp-NonFB */,
				AA53F38C17FBBDA80055CC7A /* CountdownApp-NonFBTests */,
			);
		};
/* End PBXProject section */

/* Begin PBXResourcesBuildPhase section */
		AA53F36B17FBBDA80055CC7A /* Resources */ = {
			isa = PBXResourcesBuildPhase;
			buildActionMask = 2147483647;
			files = (
				AA53F3CC17FBCD910055CC7A /* modalbackground@2x.png in Resources */,
				AA53F37D17FBBDA80055CC7A /* InfoPlist.strings in Resources */,
				AA53F3CB17FBCD910055CC7A /* modalbackground.png in Resources */,
				AA53F3CA17FBCD910055CC7A /* divider@2x.png in Resources */,
				AA53F3C917FBCD910055CC7A /* divider.png in Resources */,
				AA53F3A617FBBDED0055CC7A /* countdownApp.storyboard in Resources */,
				AA53F38817FBBDA80055CC7A /* Images.xcassets in Resources */,
			);
			runOnlyForDeploymentPostprocessing = 0;
		};
		AA53F38B17FBBDA80055CC7A /* Resources */ = {
			isa = PBXResourcesBuildPhase;
			buildActionMask = 2147483647;
			files = (
				AA53F39A17FBBDA80055CC7A /* InfoPlist.strings in Resources */,
			);
			runOnlyForDeploymentPostprocessing = 0;
		};
/* End PBXResourcesBuildPhase section */

/* Begin PBXSourcesBuildPhase section */
		AA53F36917FBBDA80055CC7A /* Sources */ = {
			isa = PBXSourcesBuildPhase;
			buildActionMask = 2147483647;
			files = (
				AA53F3A917FBBE990055CC7A /* countdownViewController.m in Sources */,
				AA53F38317FBBDA80055CC7A /* countdownAppDelegate.m in Sources */,
				AA53F3B917FBC9DB0055CC7A /* UIImage+Additional.m in Sources */,
				AA53F3B817FBC9DB0055CC7A /* MZFormSheetSegue.m in Sources */,
				AA53F3B717FBC9DB0055CC7A /* MZFormSheetController.m in Sources */,
				AA53F3BC17FBCA090055CC7A /* addEventViewController.m in Sources */,
				AA53F3B617FBC9DB0055CC7A /* MZFormSheetBackgroundWindow.m in Sources */,
				AA53F3C117FBCB690055CC7A /* MZAppearance.m in Sources */,
				AA53F38617FBBDA80055CC7A /* CountdownApp_NonFB.xcdatamodeld in Sources */,
				AA53F3AC17FBC1CA0055CC7A /* countdownTableViewController.m in Sources */,
				AA53F37F17FBBDA80055CC7A /* main.m in Sources */,
				AA53F3C217FBCB690055CC7A /* NSInvocation+Copy.m in Sources */,
			);
			runOnlyForDeploymentPostprocessing = 0;
		};
		AA53F38917FBBDA80055CC7A /* Sources */ = {
			isa = PBXSourcesBuildPhase;
			buildActionMask = 2147483647;
			files = (
				AA53F39C17FBBDA80055CC7A /* CountdownApp_NonFBTests.m in Sources */,
			);
			runOnlyForDeploymentPostprocessing = 0;
		};
/* End PBXSourcesBuildPhase section */

/* Begin PBXTargetDependency section */
		AA53F39417FBBDA80055CC7A /* PBXTargetDependency */ = {
			isa = PBXTargetDependency;
			target = AA53F36C17FBBDA80055CC7A /* CountdownApp-NonFB */;
			targetProxy = AA53F39317FBBDA80055CC7A /* PBXContainerItemProxy */;
		};
/* End PBXTargetDependency section */

/* Begin PBXVariantGroup section */
		AA53F37B17FBBDA80055CC7A /* InfoPlist.strings */ = {
			isa = PBXVariantGroup;
			children = (
				AA53F37C17FBBDA80055CC7A /* en */,
			);
			name = InfoPlist.strings;
			sourceTree = "<group>";
		};
		AA53F39817FBBDA80055CC7A /* InfoPlist.strings */ = {
			isa = PBXVariantGroup;
			children = (
				AA53F39917FBBDA80055CC7A /* en */,
			);
			name = InfoPlist.strings;
			sourceTree = "<group>";
		};
/* End PBXVariantGroup section */

/* Begin XCBuildConfiguration section */
		AA53F39D17FBBDA80055CC7A /* Debug */ = {
			isa = XCBuildConfiguration;
			buildSettings = {
				ALWAYS_SEARCH_USER_PATHS = NO;
				ARCHS = "$(ARCHS_STANDARD_INCLUDING_64_BIT)";
				CLANG_CXX_LANGUAGE_STANDARD = "gnu++0x";
				CLANG_CXX_LIBRARY = "libc++";
				CLANG_ENABLE_MODULES = YES;
				CLANG_ENABLE_OBJC_ARC = YES;
				CLANG_WARN_BOOL_CONVERSION = YES;
				CLANG_WARN_CONSTANT_CONVERSION = YES;
				CLANG_WARN_DIRECT_OBJC_ISA_USAGE = YES_ERROR;
				CLANG_WARN_EMPTY_BODY = YES;
				CLANG_WARN_ENUM_CONVERSION = YES;
				CLANG_WARN_INT_CONVERSION = YES;
				CLANG_WARN_OBJC_ROOT_CLASS = YES_ERROR;
				CLANG_WARN__DUPLICATE_METHOD_MATCH = YES;
				"CODE_SIGN_IDENTITY[sdk=iphoneos*]" = "iPhone Developer";
				COPY_PHASE_STRIP = NO;
				GCC_C_LANGUAGE_STANDARD = gnu99;
				GCC_DYNAMIC_NO_PIC = NO;
				GCC_OPTIMIZATION_LEVEL = 0;
				GCC_PREPROCESSOR_DEFINITIONS = (
					"DEBUG=1",
					"$(inherited)",
				);
				GCC_SYMBOLS_PRIVATE_EXTERN = NO;
				GCC_WARN_64_TO_32_BIT_CONVERSION = YES;
				GCC_WARN_ABOUT_RETURN_TYPE = YES_ERROR;
				GCC_WARN_UNDECLARED_SELECTOR = YES;
				GCC_WARN_UNINITIALIZED_AUTOS = YES;
				GCC_WARN_UNUSED_FUNCTION = YES;
				GCC_WARN_UNUSED_VARIABLE = YES;
				IPHONEOS_DEPLOYMENT_TARGET = 7.0;
				ONLY_ACTIVE_ARCH = YES;
				SDKROOT = iphoneos;
				TARGETED_DEVICE_FAMILY = 2;
			};
			name = Debug;
		};
		AA53F39E17FBBDA80055CC7A /* Release */ = {
			isa = XCBuildConfiguration;
			buildSettings = {
				ALWAYS_SEARCH_USER_PATHS = NO;
				ARCHS = "$(ARCHS_STANDARD_INCLUDING_64_BIT)";
				CLANG_CXX_LANGUAGE_STANDARD = "gnu++0x";
				CLANG_CXX_LIBRARY = "libc++";
				CLANG_ENABLE_MODULES = YES;
				CLANG_ENABLE_OBJC_ARC = YES;
				CLANG_WARN_BOOL_CONVERSION = YES;
				CLANG_WARN_CONSTANT_CONVERSION = YES;
				CLANG_WARN_DIRECT_OBJC_ISA_USAGE = YES_ERROR;
				CLANG_WARN_EMPTY_BODY = YES;
				CLANG_WARN_ENUM_CONVERSION = YES;
				CLANG_WARN_INT_CONVERSION = YES;
				CLANG_WARN_OBJC_ROOT_CLASS = YES_ERROR;
				CLANG_WARN__DUPLICATE_METHOD_MATCH = YES;
				"CODE_SIGN_IDENTITY[sdk=iphoneos*]" = "iPhone Developer";
				COPY_PHASE_STRIP = YES;
				ENABLE_NS_ASSERTIONS = NO;
				GCC_C_LANGUAGE_STANDARD = gnu99;
				GCC_WARN_64_TO_32_BIT_CONVERSION = YES;
				GCC_WARN_ABOUT_RETURN_TYPE = YES_ERROR;
				GCC_WARN_UNDECLARED_SELECTOR = YES;
				GCC_WARN_UNINITIALIZED_AUTOS = YES;
				GCC_WARN_UNUSED_FUNCTION = YES;
				GCC_WARN_UNUSED_VARIABLE = YES;
				IPHONEOS_DEPLOYMENT_TARGET = 7.0;
				SDKROOT = iphoneos;
				TARGETED_DEVICE_FAMILY = 2;
				VALIDATE_PRODUCT = YES;
			};
			name = Release;
		};
		AA53F3A017FBBDA80055CC7A /* Debug */ = {
			isa = XCBuildConfiguration;
			buildSettings = {
				ASSETCATALOG_COMPILER_APPICON_NAME = AppIcon;
				ASSETCATALOG_COMPILER_LAUNCHIMAGE_NAME = LaunchImage;
				GCC_PRECOMPILE_PREFIX_HEADER = YES;
				GCC_PREFIX_HEADER = "CountdownApp-NonFB/CountdownApp-NonFB-Prefix.pch";
				INFOPLIST_FILE = "CountdownApp-NonFB/CountdownApp-NonFB-Info.plist";
				PRODUCT_NAME = "$(TARGET_NAME)";
				WRAPPER_EXTENSION = app;
			};
			name = Debug;
		};
		AA53F3A117FBBDA80055CC7A /* Release */ = {
			isa = XCBuildConfiguration;
			buildSettings = {
				ASSETCATALOG_COMPILER_APPICON_NAME = AppIcon;
				ASSETCATALOG_COMPILER_LAUNCHIMAGE_NAME = LaunchImage;
				GCC_PRECOMPILE_PREFIX_HEADER = YES;
				GCC_PREFIX_HEADER = "CountdownApp-NonFB/CountdownApp-NonFB-Prefix.pch";
				INFOPLIST_FILE = "CountdownApp-NonFB/CountdownApp-NonFB-Info.plist";
				PRODUCT_NAME = "$(TARGET_NAME)";
				WRAPPER_EXTENSION = app;
			};
			name = Release;
		};
		AA53F3A317FBBDA80055CC7A /* Debug */ = {
			isa = XCBuildConfiguration;
			buildSettings = {
				ARCHS = "$(ARCHS_STANDARD_INCLUDING_64_BIT)";
				BUNDLE_LOADER = "$(BUILT_PRODUCTS_DIR)/CountdownApp-NonFB.app/CountdownApp-NonFB";
				FRAMEWORK_SEARCH_PATHS = (
					"$(SDKROOT)/Developer/Library/Frameworks",
					"$(inherited)",
					"$(DEVELOPER_FRAMEWORKS_DIR)",
				);
				GCC_PRECOMPILE_PREFIX_HEADER = YES;
				GCC_PREFIX_HEADER = "CountdownApp-NonFB/CountdownApp-NonFB-Prefix.pch";
				GCC_PREPROCESSOR_DEFINITIONS = (
					"DEBUG=1",
					"$(inherited)",
				);
				INFOPLIST_FILE = "CountdownApp-NonFBTests/CountdownApp-NonFBTests-Info.plist";
				PRODUCT_NAME = "$(TARGET_NAME)";
				TEST_HOST = "$(BUNDLE_LOADER)";
				WRAPPER_EXTENSION = xctest;
			};
			name = Debug;
		};
		AA53F3A417FBBDA80055CC7A /* Release */ = {
			isa = XCBuildConfiguration;
			buildSettings = {
				ARCHS = "$(ARCHS_STANDARD_INCLUDING_64_BIT)";
				BUNDLE_LOADER = "$(BUILT_PRODUCTS_DIR)/CountdownApp-NonFB.app/CountdownApp-NonFB";
				FRAMEWORK_SEARCH_PATHS = (
					"$(SDKROOT)/Developer/Library/Frameworks",
					"$(inherited)",
					"$(DEVELOPER_FRAMEWORKS_DIR)",
				);
				GCC_PRECOMPILE_PREFIX_HEADER = YES;
				GCC_PREFIX_HEADER = "CountdownApp-NonFB/CountdownApp-NonFB-Prefix.pch";
				INFOPLIST_FILE = "CountdownApp-NonFBTests/CountdownApp-NonFBTests-Info.plist";
				PRODUCT_NAME = "$(TARGET_NAME)";
				TEST_HOST = "$(BUNDLE_LOADER)";
				WRAPPER_EXTENSION = xctest;
			};
			name = Release;
		};
/* End XCBuildConfiguration section */

/* Begin XCConfigurationList section */
		AA53F36817FBBDA80055CC7A /* Build configuration list for PBXProject "CountdownApp-NonFB" */ = {
			isa = XCConfigurationList;
			buildConfigurations = (
				AA53F39D17FBBDA80055CC7A /* Debug */,
				AA53F39E17FBBDA80055CC7A /* Release */,
			);
			defaultConfigurationIsVisible = 0;
			defaultConfigurationName = Release;
		};
		AA53F39F17FBBDA80055CC7A /* Build configuration list for PBXNativeTarget "CountdownApp-NonFB" */ = {
			isa = XCConfigurationList;
			buildConfigurations = (
				AA53F3A017FBBDA80055CC7A /* Debug */,
				AA53F3A117FBBDA80055CC7A /* Release */,
			);
			defaultConfigurationIsVisible = 0;
		};
		AA53F3A217FBBDA80055CC7A /* Build configuration list for PBXNativeTarget "CountdownApp-NonFBTests" */ = {
			isa = XCConfigurationList;
			buildConfigurations = (
				AA53F3A317FBBDA80055CC7A /* Debug */,
				AA53F3A417FBBDA80055CC7A /* Release */,
			);
			defaultConfigurationIsVisible = 0;
		};
/* End XCConfigurationList section */

/* Begin XCVersionGroup section */
		AA53F38417FBBDA80055CC7A /* CountdownApp_NonFB.xcdatamodeld */ = {
			isa = XCVersionGroup;
			children = (
				AA53F38517FBBDA80055CC7A /* CountdownApp_NonFB.xcdatamodel */,
			);
			currentVersion = AA53F38517FBBDA80055CC7A /* CountdownApp_NonFB.xcdatamodel */;
			path = CountdownApp_NonFB.xcdatamodeld;
			sourceTree = "<group>";
			versionGroupType = wrapper.xcdatamodel;
		};
/* End XCVersionGroup section */
	};
	rootObject = AA53F36517FBBDA80055CC7A /* Project object */;
}
